Microsoft Visual Studio Solution File, Format Version 12.00
# 17
VisualStudioVersion = 17.11.35312.102
MinimumVisualStudioVersion = 10.0.40219.1
Project("{2150E333-8FDC-42A3-9474-1A3956D46DE8}") = "solution-items", "solution-items", "{132A2D66-AF29-4EB2-AB05-BC8B712DC986}"
	ProjectSection(SolutionItems) = preProject
		.changelog.json = .changelog.json
		.editorconfig = .editorconfig
		.gitattributes = .gitattributes
		.gitignore = .gitignore
		azure-pipelines.yml = azure-pipelines.yml
		CHANGELOG.md = CHANGELOG.md
		common.props = common.props
		configureawait.props = configureawait.props
		Directory.Build.props = Directory.Build.props
		GitVersion.yml = GitVersion.yml
		GlobalAssemblyInfo.cs = GlobalAssemblyInfo.cs
		LICENSE.md = LICENSE.md
		NuGet.Config = NuGet.Config
		nupkg\pack.ps1 = nupkg\pack.ps1
		README.md = README.md
		updateVersions.cmd = updateVersions.cmd
	EndProjectSection
EndProject
Project("{2150E333-8FDC-42A3-9474-1A3956D46DE8}") = "src", "src", "{E1ED7409-C34E-4177-8A3E-1A16F4A6507F}"
EndProject
Project("{2150E333-8FDC-42A3-9474-1A3956D46DE8}") = "test", "test", "{3BAAC645-2D97-412F-A6F1-8BFA97689906}"
EndProject
Project("{9A19103F-16F7-4668-BE54-9A1E7A4F7556}") = "Kontecg", "src\Kontecg\Kontecg.csproj", "{BA3CA87F-2708-45A3-AB88-7A8359A47496}"
EndProject
Project("{9A19103F-16F7-4668-BE54-9A1E7A4F7556}") = "Kontecg.AutoMapper", "src\Kontecg.AutoMapper\Kontecg.AutoMapper.csproj", "{B9074519-EE73-4A00-99BE-CCAF750F0536}"
EndProject
Project("{9A19103F-16F7-4668-BE54-9A1E7A4F7556}") = "Kontecg.Tests", "test\Kontecg.Tests\Kontecg.Tests.csproj", "{994A47FB-47D3-47E9-A55E-C9E9FEF34D29}"
EndProject
Project("{9A19103F-16F7-4668-BE54-9A1E7A4F7556}") = "Kontecg.TestBase.Tests", "test\Kontecg.TestBase.Tests\Kontecg.TestBase.Tests.csproj", "{2A26169C-AC25-486B-A573-7B6686A68992}"
EndProject
Project("{9A19103F-16F7-4668-BE54-9A1E7A4F7556}") = "Kontecg.EntityFrameworkCore.Tests", "test\Kontecg.EntityFrameworkCore.Tests\Kontecg.EntityFrameworkCore.Tests.csproj", "{6F135425-ECDB-41DD-AD30-6B87EE6C8354}"
EndProject
Project("{9A19103F-16F7-4668-BE54-9A1E7A4F7556}") = "Kontecg.Baseline", "src\Kontecg.Baseline\Kontecg.Baseline.csproj", "{6E36DB4F-D884-4472-9887-B9EE2857A6A7}"
EndProject
Project("{9A19103F-16F7-4668-BE54-9A1E7A4F7556}") = "Kontecg.Baseline.EntityFrameworkCore", "src\Kontecg.Baseline.EntityFrameworkCore\Kontecg.Baseline.EntityFrameworkCore.csproj", "{5C6D1794-9D96-4C76-A00D-B018F5792180}"
EndProject
Project("{9A19103F-16F7-4668-BE54-9A1E7A4F7556}") = "Kontecg.Baseline.Ldap", "src\Kontecg.Baseline.Ldap\Kontecg.Baseline.Ldap.csproj", "{8FF2CBA9-4F2B-4C63-994F-5932F8D5DC8D}"
EndProject
Project("{9A19103F-16F7-4668-BE54-9A1E7A4F7556}") = "Kontecg.Castle.Log4Net", "src\Kontecg.Castle.Log4Net\Kontecg.Castle.Log4Net.csproj", "{C909688E-B412-4DB4-A2A7-B54A447CE5D3}"
EndProject
Project("{9A19103F-16F7-4668-BE54-9A1E7A4F7556}") = "Kontecg.Castle.MsAdapter", "src\Kontecg.Castle.MsAdapter\Kontecg.Castle.MsAdapter.csproj", "{58727F65-F40E-4BFC-8A53-1DB4BA96CA20}"
EndProject
Project("{9A19103F-16F7-4668-BE54-9A1E7A4F7556}") = "Kontecg.EntityFrameworkCore", "src\Kontecg.EntityFrameworkCore\Kontecg.EntityFrameworkCore.csproj", "{44460F83-2CCD-4AAF-A70C-DAE8A47C91DF}"
EndProject
Project("{9A19103F-16F7-4668-BE54-9A1E7A4F7556}") = "Kontecg.EntityFrameworkCore.EFPlus", "src\Kontecg.EntityFrameworkCore.EFPlus\Kontecg.EntityFrameworkCore.EFPlus.csproj", "{3AE7FCD7-EB2A-4A7E-821D-4417416120CE}"
EndProject
Project("{9A19103F-16F7-4668-BE54-9A1E7A4F7556}") = "Kontecg.MailKit", "src\Kontecg.MailKit\Kontecg.MailKit.csproj", "{397C415A-B216-4258-A21A-35B336AE4F13}"
EndProject
Project("{9A19103F-16F7-4668-BE54-9A1E7A4F7556}") = "Kontecg.TestBase", "src\Kontecg.TestBase\Kontecg.TestBase.csproj", "{AD46C18A-229B-4E55-80B4-2475C257AFC4}"
EndProject
Project("{9A19103F-16F7-4668-BE54-9A1E7A4F7556}") = "Kontecg.MongoDB", "src\Kontecg.MongoDB\Kontecg.MongoDB.csproj", "{C1899810-C385-4524-B6AA-2EA5D907FCFD}"
EndProject
Project("{9A19103F-16F7-4668-BE54-9A1E7A4F7556}") = "Kontecg.Dapper", "src\Kontecg.Dapper\Kontecg.Dapper.csproj", "{6BDBE4A5-D0E9-4ACF-AE81-0A4F1D513172}"
EndProject
Project("{9A19103F-16F7-4668-BE54-9A1E7A4F7556}") = "Kontecg.Net", "src\Kontecg.Net\Kontecg.Net.csproj", "{7DCB1206-0629-41E0-BEC7-12DB1714A968}"
EndProject
Project("{9A19103F-16F7-4668-BE54-9A1E7A4F7556}") = "Kontecg.ML", "src\Kontecg.ML\Kontecg.ML.csproj", "{8CB22997-1B42-4B4D-8CE8-EE2C1BD80D83}"
EndProject
Project("{9A19103F-16F7-4668-BE54-9A1E7A4F7556}") = "Kontecg.Quartz", "src\Kontecg.Quartz\Kontecg.Quartz.csproj", "{B2C717BF-D2F6-4D5F-BB8A-F43A8FAC3CBD}"
EndProject
Project("{9A19103F-16F7-4668-BE54-9A1E7A4F7556}") = "Kontecg.RedisCache", "src\Kontecg.RedisCache\Kontecg.RedisCache.csproj", "{1F3E20B6-2D1D-4F8D-8053-3FE3EB1893BD}"
EndProject
Project("{9A19103F-16F7-4668-BE54-9A1E7A4F7556}") = "Kontecg.Workflows", "src\Kontecg.Workflows\Kontecg.Workflows.csproj", "{E058C317-37E2-4658-9906-33AF7DDED004}"
EndProject
Project("{9A19103F-16F7-4668-BE54-9A1E7A4F7556}") = "Kontecg.Workflows.EntityFrameworkCore", "src\Kontecg.Workflows.EntityFrameworkCore\Kontecg.Workflows.EntityFrameworkCore.csproj", "{B3A08EB5-C92B-4303-98A9-CD87729241BB}"
EndProject
Project("{9A19103F-16F7-4668-BE54-9A1E7A4F7556}") = "Kontecg.FluentValidation", "src\Kontecg.FluentValidation\Kontecg.FluentValidation.csproj", "{5E9AAC92-687D-47F7-9637-77D3F5A7CF30}"
EndProject
Project("{9A19103F-16F7-4668-BE54-9A1E7A4F7556}") = "Kontecg.MemoryDb", "src\Kontecg.MemoryDb\Kontecg.MemoryDb.csproj", "{DA69A798-5885-4273-8ADC-53C26A14A7C2}"
EndProject
Project("{9A19103F-16F7-4668-BE54-9A1E7A4F7556}") = "Kontecg.HangFire", "src\Kontecg.HangFire\Kontecg.HangFire.csproj", "{6EDCF1D6-24B4-41E9-A2FC-90297848ED00}"
EndProject
Project("{9A19103F-16F7-4668-BE54-9A1E7A4F7556}") = "Kontecg.BlobStoring", "src\Kontecg.BlobStoring\Kontecg.BlobStoring.csproj", "{5D8CFACE-8D3C-4501-87D9-C135C13D792A}"
EndProject
Project("{9A19103F-16F7-4668-BE54-9A1E7A4F7556}") = "Kontecg.BlobStoring.FileSystem", "src\Kontecg.BlobStoring.FileSystem\Kontecg.BlobStoring.FileSystem.csproj", "{588B702D-C38B-4444-AC4D-D0339B3415CC}"
EndProject
Project("{9A19103F-16F7-4668-BE54-9A1E7A4F7556}") = "Kontecg.Castle.MsLogging", "src\Kontecg.Castle.MsLogging\Kontecg.Castle.MsLogging.csproj", "{F72EB2AF-BA7C-4039-92DD-9B0460CAEF48}"
EndProject
Project("{9A19103F-16F7-4668-BE54-9A1E7A4F7556}") = "Kontecg.MassTransit", "src\Kontecg.MassTransit\Kontecg.MassTransit.csproj", "{8724ABDE-0021-490C-A8F1-7A641F2DD290}"
EndProject
Project("{9A19103F-16F7-4668-BE54-9A1E7A4F7556}") = "Kontecg.MassTransit.Tests", "test\Kontecg.MassTransit.Tests\Kontecg.MassTransit.Tests.csproj", "{13822200-1996-4898-8B64-E732A8851266}"
EndProject
Global
	GlobalSection(SolutionConfigurationPlatforms) = preSolution
		Debug|Any CPU = Debug|Any CPU
		Release|Any CPU = Release|Any CPU
	EndGlobalSection
	GlobalSection(ProjectConfigurationPlatforms) = postSolution
		{BA3CA87F-2708-45A3-AB88-7A8359A47496}.Debug|Any CPU.ActiveCfg = Debug|Any CPU
		{BA3CA87F-2708-45A3-AB88-7A8359A47496}.Debug|Any CPU.Build.0 = Debug|Any CPU
		{BA3CA87F-2708-45A3-AB88-7A8359A47496}.Release|Any CPU.ActiveCfg = Release|Any CPU
		{BA3CA87F-2708-45A3-AB88-7A8359A47496}.Release|Any CPU.Build.0 = Release|Any CPU
		{B9074519-EE73-4A00-99BE-CCAF750F0536}.Debug|Any CPU.ActiveCfg = Debug|Any CPU
		{B9074519-EE73-4A00-99BE-CCAF750F0536}.Debug|Any CPU.Build.0 = Debug|Any CPU
		{B9074519-EE73-4A00-99BE-CCAF750F0536}.Release|Any CPU.ActiveCfg = Release|Any CPU
		{B9074519-EE73-4A00-99BE-CCAF750F0536}.Release|Any CPU.Build.0 = Release|Any CPU
		{994A47FB-47D3-47E9-A55E-C9E9FEF34D29}.Debug|Any CPU.ActiveCfg = Debug|Any CPU
		{994A47FB-47D3-47E9-A55E-C9E9FEF34D29}.Debug|Any CPU.Build.0 = Debug|Any CPU
		{994A47FB-47D3-47E9-A55E-C9E9FEF34D29}.Release|Any CPU.ActiveCfg = Release|Any CPU
		{994A47FB-47D3-47E9-A55E-C9E9FEF34D29}.Release|Any CPU.Build.0 = Release|Any CPU
		{2A26169C-AC25-486B-A573-7B6686A68992}.Debug|Any CPU.ActiveCfg = Debug|Any CPU
		{2A26169C-AC25-486B-A573-7B6686A68992}.Debug|Any CPU.Build.0 = Debug|Any CPU
		{2A26169C-AC25-486B-A573-7B6686A68992}.Release|Any CPU.ActiveCfg = Release|Any CPU
		{2A26169C-AC25-486B-A573-7B6686A68992}.Release|Any CPU.Build.0 = Release|Any CPU
		{6F135425-ECDB-41DD-AD30-6B87EE6C8354}.Debug|Any CPU.ActiveCfg = Debug|Any CPU
		{6F135425-ECDB-41DD-AD30-6B87EE6C8354}.Debug|Any CPU.Build.0 = Debug|Any CPU
		{6F135425-ECDB-41DD-AD30-6B87EE6C8354}.Release|Any CPU.ActiveCfg = Release|Any CPU
		{6F135425-ECDB-41DD-AD30-6B87EE6C8354}.Release|Any CPU.Build.0 = Release|Any CPU
		{6E36DB4F-D884-4472-9887-B9EE2857A6A7}.Debug|Any CPU.ActiveCfg = Debug|Any CPU
		{6E36DB4F-D884-4472-9887-B9EE2857A6A7}.Debug|Any CPU.Build.0 = Debug|Any CPU
		{6E36DB4F-D884-4472-9887-B9EE2857A6A7}.Release|Any CPU.ActiveCfg = Release|Any CPU
		{6E36DB4F-D884-4472-9887-B9EE2857A6A7}.Release|Any CPU.Build.0 = Release|Any CPU
		{5C6D1794-9D96-4C76-A00D-B018F5792180}.Debug|Any CPU.ActiveCfg = Debug|Any CPU
		{5C6D1794-9D96-4C76-A00D-B018F5792180}.Debug|Any CPU.Build.0 = Debug|Any CPU
		{5C6D1794-9D96-4C76-A00D-B018F5792180}.Release|Any CPU.ActiveCfg = Release|Any CPU
		{5C6D1794-9D96-4C76-A00D-B018F5792180}.Release|Any CPU.Build.0 = Release|Any CPU
		{8FF2CBA9-4F2B-4C63-994F-5932F8D5DC8D}.Debug|Any CPU.ActiveCfg = Debug|Any CPU
		{8FF2CBA9-4F2B-4C63-994F-5932F8D5DC8D}.Debug|Any CPU.Build.0 = Debug|Any CPU
		{8FF2CBA9-4F2B-4C63-994F-5932F8D5DC8D}.Release|Any CPU.ActiveCfg = Release|Any CPU
		{8FF2CBA9-4F2B-4C63-994F-5932F8D5DC8D}.Release|Any CPU.Build.0 = Release|Any CPU
		{C909688E-B412-4DB4-A2A7-B54A447CE5D3}.Debug|Any CPU.ActiveCfg = Debug|Any CPU
		{C909688E-B412-4DB4-A2A7-B54A447CE5D3}.Debug|Any CPU.Build.0 = Debug|Any CPU
		{C909688E-B412-4DB4-A2A7-B54A447CE5D3}.Release|Any CPU.ActiveCfg = Release|Any CPU
		{C909688E-B412-4DB4-A2A7-B54A447CE5D3}.Release|Any CPU.Build.0 = Release|Any CPU
		{58727F65-F40E-4BFC-8A53-1DB4BA96CA20}.Debug|Any CPU.ActiveCfg = Debug|Any CPU
		{58727F65-F40E-4BFC-8A53-1DB4BA96CA20}.Debug|Any CPU.Build.0 = Debug|Any CPU
		{58727F65-F40E-4BFC-8A53-1DB4BA96CA20}.Release|Any CPU.ActiveCfg = Release|Any CPU
		{58727F65-F40E-4BFC-8A53-1DB4BA96CA20}.Release|Any CPU.Build.0 = Release|Any CPU
		{44460F83-2CCD-4AAF-A70C-DAE8A47C91DF}.Debug|Any CPU.ActiveCfg = Debug|Any CPU
		{44460F83-2CCD-4AAF-A70C-DAE8A47C91DF}.Debug|Any CPU.Build.0 = Debug|Any CPU
		{44460F83-2CCD-4AAF-A70C-DAE8A47C91DF}.Release|Any CPU.ActiveCfg = Release|Any CPU
		{44460F83-2CCD-4AAF-A70C-DAE8A47C91DF}.Release|Any CPU.Build.0 = Release|Any CPU
		{3AE7FCD7-EB2A-4A7E-821D-4417416120CE}.Debug|Any CPU.ActiveCfg = Debug|Any CPU
		{3AE7FCD7-EB2A-4A7E-821D-4417416120CE}.Debug|Any CPU.Build.0 = Debug|Any CPU
		{3AE7FCD7-EB2A-4A7E-821D-4417416120CE}.Release|Any CPU.ActiveCfg = Release|Any CPU
		{3AE7FCD7-EB2A-4A7E-821D-4417416120CE}.Release|Any CPU.Build.0 = Release|Any CPU
		{397C415A-B216-4258-A21A-35B336AE4F13}.Debug|Any CPU.ActiveCfg = Debug|Any CPU
		{397C415A-B216-4258-A21A-35B336AE4F13}.Debug|Any CPU.Build.0 = Debug|Any CPU
		{397C415A-B216-4258-A21A-35B336AE4F13}.Release|Any CPU.ActiveCfg = Release|Any CPU
		{397C415A-B216-4258-A21A-35B336AE4F13}.Release|Any CPU.Build.0 = Release|Any CPU
		{AD46C18A-229B-4E55-80B4-2475C257AFC4}.Debug|Any CPU.ActiveCfg = Debug|Any CPU
		{AD46C18A-229B-4E55-80B4-2475C257AFC4}.Debug|Any CPU.Build.0 = Debug|Any CPU
		{AD46C18A-229B-4E55-80B4-2475C257AFC4}.Release|Any CPU.ActiveCfg = Release|Any CPU
		{AD46C18A-229B-4E55-80B4-2475C257AFC4}.Release|Any CPU.Build.0 = Release|Any CPU
		{C1899810-C385-4524-B6AA-2EA5D907FCFD}.Debug|Any CPU.ActiveCfg = Debug|Any CPU
		{C1899810-C385-4524-B6AA-2EA5D907FCFD}.Debug|Any CPU.Build.0 = Debug|Any CPU
		{C1899810-C385-4524-B6AA-2EA5D907FCFD}.Release|Any CPU.ActiveCfg = Release|Any CPU
		{C1899810-C385-4524-B6AA-2EA5D907FCFD}.Release|Any CPU.Build.0 = Release|Any CPU
		{6BDBE4A5-D0E9-4ACF-AE81-0A4F1D513172}.Debug|Any CPU.ActiveCfg = Debug|Any CPU
		{6BDBE4A5-D0E9-4ACF-AE81-0A4F1D513172}.Debug|Any CPU.Build.0 = Debug|Any CPU
		{6BDBE4A5-D0E9-4ACF-AE81-0A4F1D513172}.Release|Any CPU.ActiveCfg = Release|Any CPU
		{6BDBE4A5-D0E9-4ACF-AE81-0A4F1D513172}.Release|Any CPU.Build.0 = Release|Any CPU
		{7DCB1206-0629-41E0-BEC7-12DB1714A968}.Debug|Any CPU.ActiveCfg = Debug|Any CPU
		{7DCB1206-0629-41E0-BEC7-12DB1714A968}.Debug|Any CPU.Build.0 = Debug|Any CPU
		{7DCB1206-0629-41E0-BEC7-12DB1714A968}.Release|Any CPU.ActiveCfg = Release|Any CPU
		{7DCB1206-0629-41E0-BEC7-12DB1714A968}.Release|Any CPU.Build.0 = Release|Any CPU
		{8CB22997-1B42-4B4D-8CE8-EE2C1BD80D83}.Debug|Any CPU.ActiveCfg = Debug|Any CPU
		{8CB22997-1B42-4B4D-8CE8-EE2C1BD80D83}.Debug|Any CPU.Build.0 = Debug|Any CPU
		{8CB22997-1B42-4B4D-8CE8-EE2C1BD80D83}.Release|Any CPU.ActiveCfg = Release|Any CPU
		{8CB22997-1B42-4B4D-8CE8-EE2C1BD80D83}.Release|Any CPU.Build.0 = Release|Any CPU
		{B2C717BF-D2F6-4D5F-BB8A-F43A8FAC3CBD}.Debug|Any CPU.ActiveCfg = Debug|Any CPU
		{B2C717BF-D2F6-4D5F-BB8A-F43A8FAC3CBD}.Debug|Any CPU.Build.0 = Debug|Any CPU
		{B2C717BF-D2F6-4D5F-BB8A-F43A8FAC3CBD}.Release|Any CPU.ActiveCfg = Release|Any CPU
		{B2C717BF-D2F6-4D5F-BB8A-F43A8FAC3CBD}.Release|Any CPU.Build.0 = Release|Any CPU
		{1F3E20B6-2D1D-4F8D-8053-3FE3EB1893BD}.Debug|Any CPU.ActiveCfg = Debug|Any CPU
		{1F3E20B6-2D1D-4F8D-8053-3FE3EB1893BD}.Debug|Any CPU.Build.0 = Debug|Any CPU
		{1F3E20B6-2D1D-4F8D-8053-3FE3EB1893BD}.Release|Any CPU.ActiveCfg = Release|Any CPU
		{1F3E20B6-2D1D-4F8D-8053-3FE3EB1893BD}.Release|Any CPU.Build.0 = Release|Any CPU
		{E058C317-37E2-4658-9906-33AF7DDED004}.Debug|Any CPU.ActiveCfg = Debug|Any CPU
		{E058C317-37E2-4658-9906-33AF7DDED004}.Debug|Any CPU.Build.0 = Debug|Any CPU
		{E058C317-37E2-4658-9906-33AF7DDED004}.Release|Any CPU.ActiveCfg = Release|Any CPU
		{E058C317-37E2-4658-9906-33AF7DDED004}.Release|Any CPU.Build.0 = Release|Any CPU
		{B3A08EB5-C92B-4303-98A9-CD87729241BB}.Debug|Any CPU.ActiveCfg = Debug|Any CPU
		{B3A08EB5-C92B-4303-98A9-CD87729241BB}.Debug|Any CPU.Build.0 = Debug|Any CPU
		{B3A08EB5-C92B-4303-98A9-CD87729241BB}.Release|Any CPU.ActiveCfg = Release|Any CPU
		{B3A08EB5-C92B-4303-98A9-CD87729241BB}.Release|Any CPU.Build.0 = Release|Any CPU
		{5E9AAC92-687D-47F7-9637-77D3F5A7CF30}.Debug|Any CPU.ActiveCfg = Debug|Any CPU
		{5E9AAC92-687D-47F7-9637-77D3F5A7CF30}.Debug|Any CPU.Build.0 = Debug|Any CPU
		{5E9AAC92-687D-47F7-9637-77D3F5A7CF30}.Release|Any CPU.ActiveCfg = Release|Any CPU
		{5E9AAC92-687D-47F7-9637-77D3F5A7CF30}.Release|Any CPU.Build.0 = Release|Any CPU
		{DA69A798-5885-4273-8ADC-53C26A14A7C2}.Debug|Any CPU.ActiveCfg = Debug|Any CPU
		{DA69A798-5885-4273-8ADC-53C26A14A7C2}.Debug|Any CPU.Build.0 = Debug|Any CPU
		{DA69A798-5885-4273-8ADC-53C26A14A7C2}.Release|Any CPU.ActiveCfg = Release|Any CPU
		{DA69A798-5885-4273-8ADC-53C26A14A7C2}.Release|Any CPU.Build.0 = Release|Any CPU
		{6EDCF1D6-24B4-41E9-A2FC-90297848ED00}.Debug|Any CPU.ActiveCfg = Debug|Any CPU
		{6EDCF1D6-24B4-41E9-A2FC-90297848ED00}.Debug|Any CPU.Build.0 = Debug|Any CPU
		{6EDCF1D6-24B4-41E9-A2FC-90297848ED00}.Release|Any CPU.ActiveCfg = Release|Any CPU
		{6EDCF1D6-24B4-41E9-A2FC-90297848ED00}.Release|Any CPU.Build.0 = Release|Any CPU
		{5D8CFACE-8D3C-4501-87D9-C135C13D792A}.Debug|Any CPU.ActiveCfg = Debug|Any CPU
		{5D8CFACE-8D3C-4501-87D9-C135C13D792A}.Debug|Any CPU.Build.0 = Debug|Any CPU
		{5D8CFACE-8D3C-4501-87D9-C135C13D792A}.Release|Any CPU.ActiveCfg = Release|Any CPU
		{5D8CFACE-8D3C-4501-87D9-C135C13D792A}.Release|Any CPU.Build.0 = Release|Any CPU
		{588B702D-C38B-4444-AC4D-D0339B3415CC}.Debug|Any CPU.ActiveCfg = Debug|Any CPU
		{588B702D-C38B-4444-AC4D-D0339B3415CC}.Debug|Any CPU.Build.0 = Debug|Any CPU
		{588B702D-C38B-4444-AC4D-D0339B3415CC}.Release|Any CPU.ActiveCfg = Release|Any CPU
		{588B702D-C38B-4444-AC4D-D0339B3415CC}.Release|Any CPU.Build.0 = Release|Any CPU
		{F72EB2AF-BA7C-4039-92DD-9B0460CAEF48}.Debug|Any CPU.ActiveCfg = Debug|Any CPU
		{F72EB2AF-BA7C-4039-92DD-9B0460CAEF48}.Debug|Any CPU.Build.0 = Debug|Any CPU
		{F72EB2AF-BA7C-4039-92DD-9B0460CAEF48}.Release|Any CPU.ActiveCfg = Release|Any CPU
		{F72EB2AF-BA7C-4039-92DD-9B0460CAEF48}.Release|Any CPU.Build.0 = Release|Any CPU
		{8724ABDE-0021-490C-A8F1-7A641F2DD290}.Debug|Any CPU.ActiveCfg = Debug|Any CPU
		{8724ABDE-0021-490C-A8F1-7A641F2DD290}.Debug|Any CPU.Build.0 = Debug|Any CPU
		{8724ABDE-0021-490C-A8F1-7A641F2DD290}.Release|Any CPU.ActiveCfg = Release|Any CPU
		{8724ABDE-0021-490C-A8F1-7A641F2DD290}.Release|Any CPU.Build.0 = Release|Any CPU
		{13822200-1996-4898-8B64-E732A8851266}.Debug|Any CPU.ActiveCfg = Debug|Any CPU
		{13822200-1996-4898-8B64-E732A8851266}.Debug|Any CPU.Build.0 = Debug|Any CPU
		{13822200-1996-4898-8B64-E732A8851266}.Release|Any CPU.ActiveCfg = Release|Any CPU
		{13822200-1996-4898-8B64-E732A8851266}.Release|Any CPU.Build.0 = Release|Any CPU
	EndGlobalSection
	GlobalSection(SolutionProperties) = preSolution
		HideSolutionNode = FALSE
	EndGlobalSection
	GlobalSection(NestedProjects) = preSolution
		{BA3CA87F-2708-45A3-AB88-7A8359A47496} = {E1ED7409-C34E-4177-8A3E-1A16F4A6507F}
		{B9074519-EE73-4A00-99BE-CCAF750F0536} = {E1ED7409-C34E-4177-8A3E-1A16F4A6507F}
		{994A47FB-47D3-47E9-A55E-C9E9FEF34D29} = {3BAAC645-2D97-412F-A6F1-8BFA97689906}
		{2A26169C-AC25-486B-A573-7B6686A68992} = {3BAAC645-2D97-412F-A6F1-8BFA97689906}
		{6F135425-ECDB-41DD-AD30-6B87EE6C8354} = {3BAAC645-2D97-412F-A6F1-8BFA97689906}
		{6E36DB4F-D884-4472-9887-B9EE2857A6A7} = {E1ED7409-C34E-4177-8A3E-1A16F4A6507F}
		{5C6D1794-9D96-4C76-A00D-B018F5792180} = {E1ED7409-C34E-4177-8A3E-1A16F4A6507F}
		{8FF2CBA9-4F2B-4C63-994F-5932F8D5DC8D} = {E1ED7409-C34E-4177-8A3E-1A16F4A6507F}
		{C909688E-B412-4DB4-A2A7-B54A447CE5D3} = {E1ED7409-C34E-4177-8A3E-1A16F4A6507F}
		{58727F65-F40E-4BFC-8A53-1DB4BA96CA20} = {E1ED7409-C34E-4177-8A3E-1A16F4A6507F}
		{44460F83-2CCD-4AAF-A70C-DAE8A47C91DF} = {E1ED7409-C34E-4177-8A3E-1A16F4A6507F}
		{3AE7FCD7-EB2A-4A7E-821D-4417416120CE} = {E1ED7409-C34E-4177-8A3E-1A16F4A6507F}
		{397C415A-B216-4258-A21A-35B336AE4F13} = {E1ED7409-C34E-4177-8A3E-1A16F4A6507F}
		{AD46C18A-229B-4E55-80B4-2475C257AFC4} = {E1ED7409-C34E-4177-8A3E-1A16F4A6507F}
		{C1899810-C385-4524-B6AA-2EA5D907FCFD} = {E1ED7409-C34E-4177-8A3E-1A16F4A6507F}
		{6BDBE4A5-D0E9-4ACF-AE81-0A4F1D513172} = {E1ED7409-C34E-4177-8A3E-1A16F4A6507F}
		{7DCB1206-0629-41E0-BEC7-12DB1714A968} = {E1ED7409-C34E-4177-8A3E-1A16F4A6507F}
		{8CB22997-1B42-4B4D-8CE8-EE2C1BD80D83} = {E1ED7409-C34E-4177-8A3E-1A16F4A6507F}
		{B2C717BF-D2F6-4D5F-BB8A-F43A8FAC3CBD} = {E1ED7409-C34E-4177-8A3E-1A16F4A6507F}
		{1F3E20B6-2D1D-4F8D-8053-3FE3EB1893BD} = {E1ED7409-C34E-4177-8A3E-1A16F4A6507F}
		{E058C317-37E2-4658-9906-33AF7DDED004} = {E1ED7409-C34E-4177-8A3E-1A16F4A6507F}
		{B3A08EB5-C92B-4303-98A9-CD87729241BB} = {E1ED7409-C34E-4177-8A3E-1A16F4A6507F}
		{5E9AAC92-687D-47F7-9637-77D3F5A7CF30} = {E1ED7409-C34E-4177-8A3E-1A16F4A6507F}
		{DA69A798-5885-4273-8ADC-53C26A14A7C2} = {E1ED7409-C34E-4177-8A3E-1A16F4A6507F}
		{6EDCF1D6-24B4-41E9-A2FC-90297848ED00} = {E1ED7409-C34E-4177-8A3E-1A16F4A6507F}
		{5D8CFACE-8D3C-4501-87D9-C135C13D792A} = {E1ED7409-C34E-4177-8A3E-1A16F4A6507F}
		{588B702D-C38B-4444-AC4D-D0339B3415CC} = {E1ED7409-C34E-4177-8A3E-1A16F4A6507F}
		{F72EB2AF-BA7C-4039-92DD-9B0460CAEF48} = {E1ED7409-C34E-4177-8A3E-1A16F4A6507F}
		{8724ABDE-0021-490C-A8F1-7A641F2DD290} = {E1ED7409-C34E-4177-8A3E-1A16F4A6507F}
		{13822200-1996-4898-8B64-E732A8851266} = {3BAAC645-2D97-412F-A6F1-8BFA97689906}
	EndGlobalSection
	GlobalSection(ExtensibilityGlobals) = postSolution
		SolutionGuid = {F598E879-261C-471C-BD07-8F5BBC6DBF3D}
	EndGlobalSection
EndGlobal
